
Microsoft Visual Studio Solution File, Format Version 12.00
# Visual Studio Version 17
VisualStudioVersion = 17.1.32210.238
MinimumVisualStudioVersion = 10.0.40219.1
Project("{9A19103F-16F7-4668-BE54-9A1E7A4F7556}") = "Common", "Common\Common.csproj", "{59067EB2-38D2-431A-8BA2-947B0395F7C8}"
EndProject
Project("{9A19103F-16F7-4668-BE54-9A1E7A4F7556}") = "2019", "2019\2019.csproj", "{2816386E-448D-48C4-B6D2-BDBF37F835D9}"
EndProject
Project("{6EC3EE1D-3C4E-46DD-8F32-0CC8E7565705}") = "2015", "2015\2015.fsproj", "{34D9AF4E-FB12-4303-AC56-188B59BF1B61}"
EndProject
Project("{6EC3EE1D-3C4E-46DD-8F32-0CC8E7565705}") = "2020", "2020\2020.fsproj", "{B8DA83E7-774C-4016-B1FD-664626BF67B1}"
EndProject
Project("{6EC3EE1D-3C4E-46DD-8F32-0CC8E7565705}") = "FSharpLib", "FSharpLib\FSharpLib.fsproj", "{06D4621F-3530-4B74-B468-A4CE86066047}"
EndProject
Project("{6EC3EE1D-3C4E-46DD-8F32-0CC8E7565705}") = "2021", "2021\2021.fsproj", "{3294E4D2-2074-4222-9503-EB56EBF55A6D}"
EndProject
Project("{6EC3EE1D-3C4E-46DD-8F32-0CC8E7565705}") = "2018", "2018\2018.fsproj", "{53AA50B9-6244-4E5A-9E38-F79F991CFA8C}"
EndProject
Project("{9A19103F-16F7-4668-BE54-9A1E7A4F7556}") = "2021_CS", "2021_CS\2021_CS.csproj", "{2A554351-7FBC-468A-BCB8-B18863838F14}"
EndProject
Project("{9A19103F-16F7-4668-BE54-9A1E7A4F7556}") = "CSharpLib", "CSharpLib\CSharpLib.csproj", "{65BDACF8-A2DD-4B35-8A14-F30DFA26F3A1}"
EndProject
Project("{9A19103F-16F7-4668-BE54-9A1E7A4F7556}") = "Y2022", "2022\Y2022.csproj", "{92A13887-ADDF-490B-8DC2-C64C0103AE8A}"
EndProject
Project("{9A19103F-16F7-4668-BE54-9A1E7A4F7556}") = "Y2024", "2024\Y2024.csproj", "{9A215B7E-A285-4F60-BD93-4E68BAE0B5EC}"
EndProject
Project("{9A19103F-16F7-4668-BE54-9A1E7A4F7556}") = "Y2023", "2023\Y2023.csproj", "{9CC8DDCE-BB71-4EF6-9C31-790FBD902683}"
EndProject
Project("{FAE04EC0-301F-11D3-BF4B-00C04F79EFBC}") = "Y2025", "2025\Y2025.csproj", "{68D323BD-8393-91A7-9ADC-067ED6029C77}"
EndProject
Global
	GlobalSection(SolutionConfigurationPlatforms) = preSolution
		Debug|Any CPU = Debug|Any CPU
		Release|Any CPU = Release|Any CPU
	EndGlobalSection
	GlobalSection(ProjectConfigurationPlatforms) = postSolution
		{59067EB2-38D2-431A-8BA2-947B0395F7C8}.Debug|Any CPU.ActiveCfg = Debug|Any CPU
		{59067EB2-38D2-431A-8BA2-947B0395F7C8}.Debug|Any CPU.Build.0 = Debug|Any CPU
		{59067EB2-38D2-431A-8BA2-947B0395F7C8}.Release|Any CPU.ActiveCfg = Release|Any CPU
		{59067EB2-38D2-431A-8BA2-947B0395F7C8}.Release|Any CPU.Build.0 = Release|Any CPU
		{2816386E-448D-48C4-B6D2-BDBF37F835D9}.Debug|Any CPU.ActiveCfg = Debug|Any CPU
		{2816386E-448D-48C4-B6D2-BDBF37F835D9}.Debug|Any CPU.Build.0 = Debug|Any CPU
		{2816386E-448D-48C4-B6D2-BDBF37F835D9}.Release|Any CPU.ActiveCfg = Release|Any CPU
		{2816386E-448D-48C4-B6D2-BDBF37F835D9}.Release|Any CPU.Build.0 = Release|Any CPU
		{34D9AF4E-FB12-4303-AC56-188B59BF1B61}.Debug|Any CPU.ActiveCfg = Debug|Any CPU
		{34D9AF4E-FB12-4303-AC56-188B59BF1B61}.Debug|Any CPU.Build.0 = Debug|Any CPU
		{34D9AF4E-FB12-4303-AC56-188B59BF1B61}.Release|Any CPU.ActiveCfg = Release|Any CPU
		{34D9AF4E-FB12-4303-AC56-188B59BF1B61}.Release|Any CPU.Build.0 = Release|Any CPU
		{B8DA83E7-774C-4016-B1FD-664626BF67B1}.Debug|Any CPU.ActiveCfg = Debug|Any CPU
		{B8DA83E7-774C-4016-B1FD-664626BF67B1}.Debug|Any CPU.Build.0 = Debug|Any CPU
		{B8DA83E7-774C-4016-B1FD-664626BF67B1}.Release|Any CPU.ActiveCfg = Release|Any CPU
		{B8DA83E7-774C-4016-B1FD-664626BF67B1}.Release|Any CPU.Build.0 = Release|Any CPU
		{06D4621F-3530-4B74-B468-A4CE86066047}.Debug|Any CPU.ActiveCfg = Debug|Any CPU
		{06D4621F-3530-4B74-B468-A4CE86066047}.Debug|Any CPU.Build.0 = Debug|Any CPU
		{06D4621F-3530-4B74-B468-A4CE86066047}.Release|Any CPU.ActiveCfg = Release|Any CPU
		{06D4621F-3530-4B74-B468-A4CE86066047}.Release|Any CPU.Build.0 = Release|Any CPU
		{3294E4D2-2074-4222-9503-EB56EBF55A6D}.Debug|Any CPU.ActiveCfg = Debug|Any CPU
		{3294E4D2-2074-4222-9503-EB56EBF55A6D}.Debug|Any CPU.Build.0 = Debug|Any CPU
		{3294E4D2-2074-4222-9503-EB56EBF55A6D}.Release|Any CPU.ActiveCfg = Release|Any CPU
		{3294E4D2-2074-4222-9503-EB56EBF55A6D}.Release|Any CPU.Build.0 = Release|Any CPU
		{53AA50B9-6244-4E5A-9E38-F79F991CFA8C}.Debug|Any CPU.ActiveCfg = Debug|Any CPU
		{53AA50B9-6244-4E5A-9E38-F79F991CFA8C}.Debug|Any CPU.Build.0 = Debug|Any CPU
		{53AA50B9-6244-4E5A-9E38-F79F991CFA8C}.Release|Any CPU.ActiveCfg = Release|Any CPU
		{53AA50B9-6244-4E5A-9E38-F79F991CFA8C}.Release|Any CPU.Build.0 = Release|Any CPU
		{2A554351-7FBC-468A-BCB8-B18863838F14}.Debug|Any CPU.ActiveCfg = Debug|Any CPU
		{2A554351-7FBC-468A-BCB8-B18863838F14}.Debug|Any CPU.Build.0 = Debug|Any CPU
		{2A554351-7FBC-468A-BCB8-B18863838F14}.Release|Any CPU.ActiveCfg = Release|Any CPU
		{2A554351-7FBC-468A-BCB8-B18863838F14}.Release|Any CPU.Build.0 = Release|Any CPU
		{65BDACF8-A2DD-4B35-8A14-F30DFA26F3A1}.Debug|Any CPU.ActiveCfg = Debug|Any CPU
		{65BDACF8-A2DD-4B35-8A14-F30DFA26F3A1}.Debug|Any CPU.Build.0 = Debug|Any CPU
		{65BDACF8-A2DD-4B35-8A14-F30DFA26F3A1}.Release|Any CPU.ActiveCfg = Release|Any CPU
		{65BDACF8-A2DD-4B35-8A14-F30DFA26F3A1}.Release|Any CPU.Build.0 = Release|Any CPU
		{92A13887-ADDF-490B-8DC2-C64C0103AE8A}.Debug|Any CPU.ActiveCfg = Debug|Any CPU
		{92A13887-ADDF-490B-8DC2-C64C0103AE8A}.Debug|Any CPU.Build.0 = Debug|Any CPU
		{92A13887-ADDF-490B-8DC2-C64C0103AE8A}.Release|Any CPU.ActiveCfg = Release|Any CPU
		{92A13887-ADDF-490B-8DC2-C64C0103AE8A}.Release|Any CPU.Build.0 = Release|Any CPU
		{9A215B7E-A285-4F60-BD93-4E68BAE0B5EC}.Debug|Any CPU.ActiveCfg = Debug|Any CPU
		{9A215B7E-A285-4F60-BD93-4E68BAE0B5EC}.Debug|Any CPU.Build.0 = Debug|Any CPU
		{9A215B7E-A285-4F60-BD93-4E68BAE0B5EC}.Release|Any CPU.ActiveCfg = Release|Any CPU
		{9A215B7E-A285-4F60-BD93-4E68BAE0B5EC}.Release|Any CPU.Build.0 = Release|Any CPU
		{9CC8DDCE-BB71-4EF6-9C31-790FBD902683}.Debug|Any CPU.ActiveCfg = Debug|Any CPU
		{9CC8DDCE-BB71-4EF6-9C31-790FBD902683}.Debug|Any CPU.Build.0 = Debug|Any CPU
		{9CC8DDCE-BB71-4EF6-9C31-790FBD902683}.Release|Any CPU.ActiveCfg = Release|Any CPU
		{9CC8DDCE-BB71-4EF6-9C31-790FBD902683}.Release|Any CPU.Build.0 = Release|Any CPU
		{68D323BD-8393-91A7-9ADC-067ED6029C77}.Debug|Any CPU.ActiveCfg = Debug|Any CPU
		{68D323BD-8393-91A7-9ADC-067ED6029C77}.Debug|Any CPU.Build.0 = Debug|Any CPU
		{68D323BD-8393-91A7-9ADC-067ED6029C77}.Release|Any CPU.ActiveCfg = Release|Any CPU
		{68D323BD-8393-91A7-9ADC-067ED6029C77}.Release|Any CPU.Build.0 = Release|Any CPU
	EndGlobalSection
	GlobalSection(SolutionProperties) = preSolution
		HideSolutionNode = FALSE
	EndGlobalSection
	GlobalSection(ExtensibilityGlobals) = postSolution
		SolutionGuid = {3857E5DD-AAAB-457A-A9FC-595BD47431F3}
	EndGlobalSection
EndGlobal
